
Microsoft Visual Studio Solution File, Format Version 12.00
# Visual Studio Version 17
VisualStudioVersion = 17.3.32804.467
MinimumVisualStudioVersion = 10.0.40219.1
Project("{FAE04EC0-301F-11D3-BF4B-00C04F79EFBC}") = "Sidebar navigation", "Sidebar navigation\Sidebar navigation.csproj", "{9515557F-A0FD-40AE-988A-C559EF446F60}"
EndProject
Global
	GlobalSection(SolutionConfigurationPlatforms) = preSolution
		Debug|Any CPU = Debug|Any CPU
		Release|Any CPU = Release|Any CPU
	EndGlobalSection
	GlobalSection(ProjectConfigurationPlatforms) = postSolution
		{9515557F-A0FD-40AE-988A-C559EF446F60}.Debug|Any CPU.ActiveCfg = Debug|Any CPU
		{9515557F-A0FD-40AE-988A-C559EF446F60}.Debug|Any CPU.Build.0 = Debug|Any CPU
		{9515557F-A0FD-40AE-988A-C559EF446F60}.Release|Any CPU.ActiveCfg = Release|Any CPU
		{9515557F-A0FD-40AE-988A-C559EF446F60}.Release|Any CPU.Build.0 = Release|Any CPU
	EndGlobalSection
	GlobalSection(SolutionProperties) = preSolution
		HideSolutionNode = FALSE
	EndGlobalSection
	GlobalSection(ExtensibilityGlobals) = postSolution
		SolutionGuid = {2200B84C-7A8D-4115-822C-7D4C83DD50E5}
	EndGlobalSection
EndGlobal
